github.com/davecgh/go-spew v1.1.1 h1:vj9j/u1bqnvCEfJOwUhtlOARqs3+rkHYY13jYWTU97c=
github.com/dustin/go-humanize v1.0.1 h1:GzkhY7T5VNhEkwH0PVJgjz+fX1rhBrR7pRT3mDkpeCY=
github.com/dustin/go-humanize v1.0.1/go.mod h1:Mu1zIs6XwVuF/gI1OepvI0qD18qycQx+mFykh5fBlto=
github.com/hebcal/gematriya v1.1.0 h1:9q7wZ4cn8NBwqo7elKjoub7nQAeKfcruAjzIvwVoZIE=
github.com/hebcal/gematriya v1.1.0/go.mod h1:xG8MUUII65+8gN2ikSZx0DyOUa5P1tl+CPhmDdx5PZ0=
github.com/hebcal/greg v1.1.0 h1:MlBLqquqckgqCxsvXOJnWrj5UGxlklKjUH4oPXQr+pk=
github.com/hebcal/greg v1.1.0/go.mod h1:w1NvOvwJ9832Y7XohQWEOS3Zqn/w/WzcI6AVDWosVsc=
github.com/hebcal/hdate v1.4.0 h1:nZss24tY9zh4n/YkeS7kkM0FYb4BJWAU1LHlb17lLWw=
github.com/hebcal/hdate v1.4.0/go.mod h1:2ovwOMjI+Cx1TFUgnD2j0pRsjiS09qWV0eggAk5ekL8=
github.com/hebcal/hebcal-go v0.18.1 h1:WF1+YaWgeWsWoOtWErdWb3yqyXSbgwH+TiihHsjc0So=
github.com/hebcal/hebcal-go v0.18.1/go.mod h1:RRH9qNoVCmBPX4ENzASuxfqR5pyAX8+vAtPmNHCHK4g=
github.com/hebcal/learning v0.4.2 h1:mAK9p1bMLYofAmm0eMBz+twrDDGrb9fVmorixoC1TfQ=
github.com/hebcal/learning v0.4.2/go.mod h1:nVoU6x+CdFZkepfcAucscl0DoHFtkzUXnjTWWAdpzmY=
github.com/hebcal/locales v1.1.1 h1://HUOJHVlomHRP2eWSQBRlfra6PU9KcOMpQ21fX0Bmk=
github.com/hebcal/locales v1.1.1/go.mod h1:KzagA5BjUI9Eh8BxLMmt0J91ByjeeswM54abysBdxXI=
github.com/hebcal/noaa-go v1.0.0 h1:cBWBBUtYkHiPptKjZTJ9LooUxmhn/++35j+HWd7TQv4=
github.com/hebcal/noaa-go v1.0.0/go.mod h1:Q6VV/PXu+gYXaVtcv9Q61hD7W7DswAunPfY4uHi5f6M=
github.com/pborman/getopt/v2 v2.1.0 h1:eNfR+r+dWLdWmV8g5OlpyrTYHkhVNxHBdN2cCrJmOEA=
github.com/pborman/getopt/v2 v2.1.0/go.mod h1:4NtW75ny4eBw9fO1bhtNdYTlZKYX5/tBLtsOpwKIKd0=
github.com/pmezard/go-difflib v1.0.0 h1:4DBwDE0NGyQoBHbLQYPwSUPoCMWR5BEzIk/f1lZbAQM=
github.com/stretchr/testify v1.11.1 h1:7s2iGBzp5EwR7/aIZr8ao5+dra3wiQyKjjFuvgVKu7U=
golang.org/x/text v0.21.0 h1:zyQAAkrwaneQ066sspRyJaG9VNi/YJ1NfzcGB3hZ/qo=
golang.org/x/text v0.21.0/go.mod h1:4IBbMaMmOPCJ8SecivzSH54+73PCFmPWxNTLm+vZkEQ=
gopkg.in/yaml.v3 v3.0.1 h1:fxVm/GzAzEWqLHuvctI91KS9hhNmmWOoWu0XTYJS7CA=
